// !$*UTF8*$!
{
	archiveVersion = 1;
	classes = {
	};
	objectVersion = 55;
	objects = {

/* Begin PBXBuildFile section */
		026A5A802763233500C09469 /* SignupViewController.swift in Sources */ = {isa = PBXBuildFile; fileRef = 026A5A7F2763233500C09469 /* SignupViewController.swift */; };
		026A5A8227632B6900C09469 /* UIViewController+Utilities.swift in Sources */ = {isa = PBXBuildFile; fileRef = 026A5A8127632B6900C09469 /* UIViewController+Utilities.swift */; };
		0275BAB92771E390004F9614 /* MeetsViewController.swift in Sources */ = {isa = PBXBuildFile; fileRef = 0275BAB82771E390004F9614 /* MeetsViewController.swift */; };
		02B92A4C277061AF00116D26 /* UIViewController+AwsS3.swift in Sources */ = {isa = PBXBuildFile; fileRef = 02B92A4B277061AF00116D26 /* UIViewController+AwsS3.swift */; };
		02B92A4E2770675900116D26 /* MatchConfirmTableViewController.swift in Sources */ = {isa = PBXBuildFile; fileRef = 02B92A4D2770675900116D26 /* MatchConfirmTableViewController.swift */; };
		02C0650E276B224800FBA95B /* FirebaseCloudMessaging.swift in Sources */ = {isa = PBXBuildFile; fileRef = 02C0650D276B224800FBA95B /* FirebaseCloudMessaging.swift */; };
		02D6887327630B2F0060B471 /* UIViewController+AwsCognito.swift in Sources */ = {isa = PBXBuildFile; fileRef = 02D6887227630B2F0060B471 /* UIViewController+AwsCognito.swift */; };
		02D6EB552771FDFC00C922C7 /* ConstDatabase.swift in Sources */ = {isa = PBXBuildFile; fileRef = 02D6EB542771FDFC00C922C7 /* ConstDatabase.swift */; };
		02D6EB562771FDFC00C922C7 /* ConstDatabase.swift in Sources */ = {isa = PBXBuildFile; fileRef = 02D6EB542771FDFC00C922C7 /* ConstDatabase.swift */; };
		02E0935A277052CF005BA9BF /* RequestedComplitelyDialogViewController.swift in Sources */ = {isa = PBXBuildFile; fileRef = 02E09359277052CF005BA9BF /* RequestedComplitelyDialogViewController.swift */; };
		02FFCB7D27715C61005FF2D3 /* UIViewController+AppSync.swift in Sources */ = {isa = PBXBuildFile; fileRef = 02FFCB7C27715C61005FF2D3 /* UIViewController+AppSync.swift */; };
		0579FA3E2787C37200B23E89 /* RequestDemotapeTableViewController.swift in Sources */ = {isa = PBXBuildFile; fileRef = 0579FA3D2787C37200B23E89 /* RequestDemotapeTableViewController.swift */; };
		05B41F1D27868A50001E5D55 /* MeetsTableViewController.swift in Sources */ = {isa = PBXBuildFile; fileRef = 05B41F1C27868A50001E5D55 /* MeetsTableViewController.swift */; };
		05B41F1F2786B9AA001E5D55 /* AccountViewController.swift in Sources */ = {isa = PBXBuildFile; fileRef = 05B41F1E2786B9AA001E5D55 /* AccountViewController.swift */; };
		1D9E2EF8A9B052E33383182E /* AmplifyModels.swift in Sources */ = {isa = PBXBuildFile; fileRef = 8F8798E0786DDFCDE6477756 /* AmplifyModels.swift */; };
		2DFA0FB9684161BA8E6530DB /* awsconfiguration.json in Resources */ = {isa = PBXBuildFile; fileRef = 7EF3FC2E527FE40E45D01AC2 /* awsconfiguration.json */; };
		874F5FE427606B8E0072107F /* AppDelegate.swift in Sources */ = {isa = PBXBuildFile; fileRef = 874F5FE327606B8E0072107F /* AppDelegate.swift */; };
		874F5FE627606B8E0072107F /* SceneDelegate.swift in Sources */ = {isa = PBXBuildFile; fileRef = 874F5FE527606B8E0072107F /* SceneDelegate.swift */; };
		874F5FE827606B8E0072107F /* TopViewController.swift in Sources */ = {isa = PBXBuildFile; fileRef = 874F5FE727606B8E0072107F /* TopViewController.swift */; };
		874F5FEB27606B8E0072107F /* Main.storyboard in Resources */ = {isa = PBXBuildFile; fileRef = 874F5FE927606B8E0072107F /* Main.storyboard */; };
		874F5FED27606B910072107F /* Assets.xcassets in Resources */ = {isa = PBXBuildFile; fileRef = 874F5FEC27606B910072107F /* Assets.xcassets */; };
		874F5FF027606B910072107F /* LaunchScreen.storyboard in Resources */ = {isa = PBXBuildFile; fileRef = 874F5FEE27606B910072107F /* LaunchScreen.storyboard */; };
		874F5FFB27606B910072107F /* ConstDatabaseTests.swift in Sources */ = {isa = PBXBuildFile; fileRef = 874F5FFA27606B910072107F /* ConstDatabaseTests.swift */; };
		874F600527606B910072107F /* JamNavigatorUITests.swift in Sources */ = {isa = PBXBuildFile; fileRef = 874F600427606B910072107F /* JamNavigatorUITests.swift */; };
		874F600727606B910072107F /* JamNavigatorUITestsLaunchTests.swift in Sources */ = {isa = PBXBuildFile; fileRef = 874F600627606B910072107F /* JamNavigatorUITestsLaunchTests.swift */; };
		8781C301276B15CB005AF5BB /* RequestViewController.swift in Sources */ = {isa = PBXBuildFile; fileRef = 8781C300276B15CB005AF5BB /* RequestViewController.swift */; };
		878F14A827704C1100A81059 /* Tono in Frameworks */ = {isa = PBXBuildFile; productRef = 878F14A727704C1100A81059 /* Tono */; };
		87BCC9462760921A003BB540 /* DemotapesTableController.swift in Sources */ = {isa = PBXBuildFile; fileRef = 87BCC9452760921A003BB540 /* DemotapesTableController.swift */; };
		87BCC94A2761A1C6003BB540 /* RecordingViewController.swift in Sources */ = {isa = PBXBuildFile; fileRef = 87BCC9492761A1C6003BB540 /* RecordingViewController.swift */; };
		87EA56F32761DD290062303C /* UploadViewController.swift in Sources */ = {isa = PBXBuildFile; fileRef = 87EA56F22761DD290062303C /* UploadViewController.swift */; };
		9F18A957260A3B3827A66F97 /* Demotape.swift in Sources */ = {isa = PBXBuildFile; fileRef = 646BDF703CEFE693D5D2316F /* Demotape.swift */; };
		B6615A7E2779AA5D00E25EA4 /* AWSAPIPlugin in Frameworks */ = {isa = PBXBuildFile; productRef = B6615A7D2779AA5D00E25EA4 /* AWSAPIPlugin */; };
		B6615A802779AA5D00E25EA4 /* AWSCognitoAuthPlugin in Frameworks */ = {isa = PBXBuildFile; productRef = B6615A7F2779AA5D00E25EA4 /* AWSCognitoAuthPlugin */; };
		B6615A822779AA5D00E25EA4 /* AWSS3StoragePlugin in Frameworks */ = {isa = PBXBuildFile; productRef = B6615A812779AA5D00E25EA4 /* AWSS3StoragePlugin */; };
		B6615A842779AA5D00E25EA4 /* Amplify in Frameworks */ = {isa = PBXBuildFile; productRef = B6615A832779AA5D00E25EA4 /* Amplify */; };
		B6615AFE277A993600E25EA4 /* CalenderActivity.swift in Sources */ = {isa = PBXBuildFile; fileRef = B6615AFD277A993600E25EA4 /* CalenderActivity.swift */; };
		B6615B00277AA3BE00E25EA4 /* DateUtils.swift in Sources */ = {isa = PBXBuildFile; fileRef = B6615AFF277AA3BE00E25EA4 /* DateUtils.swift */; };
		B6615B02277ACF6800E25EA4 /* TabBarController.swift in Sources */ = {isa = PBXBuildFile; fileRef = B6615B01277ACF6800E25EA4 /* TabBarController.swift */; };
		D2775C0D3DB6112761D7188D /* Demotape+Schema.swift in Sources */ = {isa = PBXBuildFile; fileRef = 7C63498A7265B6C1AA8D38F1 /* Demotape+Schema.swift */; };
		E87A2496E33A7AF871FCDAC4 /* amplifyconfiguration.json in Resources */ = {isa = PBXBuildFile; fileRef = 814F437C8FC0014819F5496A /* amplifyconfiguration.json */; };
		FE02D99927795DD300071BB0 /* FilterTableViewController.swift in Sources */ = {isa = PBXBuildFile; fileRef = FE02D99827795DD300071BB0 /* FilterTableViewController.swift */; };
/* End PBXBuildFile section */

/* Begin PBXContainerItemProxy section */
		874F5FF727606B910072107F /* PBXContainerItemProxy */ = {
			isa = PBXContainerItemProxy;
			containerPortal = 874F5FD827606B8E0072107F /* Project object */;
			proxyType = 1;
			remoteGlobalIDString = 874F5FDF27606B8E0072107F;
			remoteInfo = JamNavigator;
		};
		874F600127606B910072107F /* PBXContainerItemProxy */ = {
			isa = PBXContainerItemProxy;
			containerPortal = 874F5FD827606B8E0072107F /* Project object */;
			proxyType = 1;
			remoteGlobalIDString = 874F5FDF27606B8E0072107F;
			remoteInfo = JamNavigator;
		};
/* End PBXContainerItemProxy section */

/* Begin PBXFileReference section */
		026A5A7F2763233500C09469 /* SignupViewController.swift */ = {isa = PBXFileReference; lastKnownFileType = sourcecode.swift; path = SignupViewController.swift; sourceTree = "<group>"; };
		026A5A8127632B6900C09469 /* UIViewController+Utilities.swift */ = {isa = PBXFileReference; lastKnownFileType = sourcecode.swift; path = "UIViewController+Utilities.swift"; sourceTree = "<group>"; };
		0275BAB82771E390004F9614 /* MeetsViewController.swift */ = {isa = PBXFileReference; lastKnownFileType = sourcecode.swift; path = MeetsViewController.swift; sourceTree = "<group>"; };
		02B92A4A27705E4100116D26 /* README.DataDesign.md */ = {isa = PBXFileReference; lastKnownFileType = net.daringfireball.markdown; path = README.DataDesign.md; sourceTree = "<group>"; };
		02B92A4B277061AF00116D26 /* UIViewController+AwsS3.swift */ = {isa = PBXFileReference; lastKnownFileType = sourcecode.swift; path = "UIViewController+AwsS3.swift"; sourceTree = "<group>"; };
		02B92A4D2770675900116D26 /* MatchConfirmTableViewController.swift */ = {isa = PBXFileReference; lastKnownFileType = sourcecode.swift; path = MatchConfirmTableViewController.swift; sourceTree = "<group>"; };
		02C0650D276B224800FBA95B /* FirebaseCloudMessaging.swift */ = {isa = PBXFileReference; lastKnownFileType = sourcecode.swift; path = FirebaseCloudMessaging.swift; sourceTree = "<group>"; };
		02D6887227630B2F0060B471 /* UIViewController+AwsCognito.swift */ = {isa = PBXFileReference; lastKnownFileType = sourcecode.swift; path = "UIViewController+AwsCognito.swift"; sourceTree = "<group>"; };
		02D6EB542771FDFC00C922C7 /* ConstDatabase.swift */ = {isa = PBXFileReference; lastKnownFileType = sourcecode.swift; path = ConstDatabase.swift; sourceTree = "<group>"; };
		02E09359277052CF005BA9BF /* RequestedComplitelyDialogViewController.swift */ = {isa = PBXFileReference; lastKnownFileType = sourcecode.swift; path = RequestedComplitelyDialogViewController.swift; sourceTree = "<group>"; };
		02F0625A276B1578007ADF50 /* JamNavigator.entitlements */ = {isa = PBXFileReference; lastKnownFileType = text.plist.entitlements; path = JamNavigator.entitlements; sourceTree = "<group>"; };
		02FFCB7C27715C61005FF2D3 /* UIViewController+AppSync.swift */ = {isa = PBXFileReference; lastKnownFileType = sourcecode.swift; path = "UIViewController+AppSync.swift"; sourceTree = "<group>"; };
		0579FA3D2787C37200B23E89 /* RequestDemotapeTableViewController.swift */ = {isa = PBXFileReference; lastKnownFileType = sourcecode.swift; path = RequestDemotapeTableViewController.swift; sourceTree = "<group>"; };
		05B41F1C27868A50001E5D55 /* MeetsTableViewController.swift */ = {isa = PBXFileReference; lastKnownFileType = sourcecode.swift; path = MeetsTableViewController.swift; sourceTree = "<group>"; };
		05B41F1E2786B9AA001E5D55 /* AccountViewController.swift */ = {isa = PBXFileReference; lastKnownFileType = sourcecode.swift; path = AccountViewController.swift; sourceTree = "<group>"; };
		646BDF703CEFE693D5D2316F /* Demotape.swift */ = {isa = PBXFileReference; explicitFileType = sourcecode.swift; name = Demotape.swift; path = amplify/generated/models/Demotape.swift; sourceTree = "<group>"; };
		7C63498A7265B6C1AA8D38F1 /* Demotape+Schema.swift */ = {isa = PBXFileReference; explicitFileType = sourcecode.swift; name = "Demotape+Schema.swift"; path = "amplify/generated/models/Demotape+Schema.swift"; sourceTree = "<group>"; };
		7EF3FC2E527FE40E45D01AC2 /* awsconfiguration.json */ = {isa = PBXFileReference; explicitFileType = text.json; path = awsconfiguration.json; sourceTree = "<group>"; };
		814F437C8FC0014819F5496A /* amplifyconfiguration.json */ = {isa = PBXFileReference; explicitFileType = text.json; path = amplifyconfiguration.json; sourceTree = "<group>"; };
		874F5FE327606B8E0072107F /* AppDelegate.swift */ = {isa = PBXFileReference; lastKnownFileType = sourcecode.swift; path = AppDelegate.swift; sourceTree = "<group>"; };
		874F5FE527606B8E0072107F /* SceneDelegate.swift */ = {isa = PBXFileReference; lastKnownFileType = sourcecode.swift; path = SceneDelegate.swift; sourceTree = "<group>"; };
		874F5FE727606B8E0072107F /* TopViewController.swift */ = {isa = PBXFileReference; lastKnownFileType = sourcecode.swift; path = TopViewController.swift; sourceTree = "<group>"; };
		874F5FEA27606B8E0072107F /* Base */ = {isa = PBXFileReference; lastKnownFileType = file.storyboard; name = Base; path = Base.lproj/Main.storyboard; sourceTree = "<group>"; };
		874F5FEC27606B910072107F /* Assets.xcassets */ = {isa = PBXFileReference; lastKnownFileType = folder.assetcatalog; path = Assets.xcassets; sourceTree = "<group>"; };
		874F5FEF27606B910072107F /* Base */ = {isa = PBXFileReference; lastKnownFileType = file.storyboard; name = Base; path = Base.lproj/LaunchScreen.storyboard; sourceTree = "<group>"; };
		874F5FF127606B910072107F /* Info.plist */ = {isa = PBXFileReference; lastKnownFileType = text.plist.xml; path = Info.plist; sourceTree = "<group>"; };
		874F5FFA27606B910072107F /* ConstDatabaseTests.swift */ = {isa = PBXFileReference; lastKnownFileType = sourcecode.swift; path = ConstDatabaseTests.swift; sourceTree = "<group>"; };
		874F600427606B910072107F /* JamNavigatorUITests.swift */ = {isa = PBXFileReference; lastKnownFileType = sourcecode.swift; path = JamNavigatorUITests.swift; sourceTree = "<group>"; };
		874F600627606B910072107F /* JamNavigatorUITestsLaunchTests.swift */ = {isa = PBXFileReference; lastKnownFileType = sourcecode.swift; path = JamNavigatorUITestsLaunchTests.swift; sourceTree = "<group>"; };
		8781C300276B15CB005AF5BB /* RequestViewController.swift */ = {isa = PBXFileReference; lastKnownFileType = sourcecode.swift; path = RequestViewController.swift; sourceTree = "<group>"; };
		87BCC9452760921A003BB540 /* DemotapesTableController.swift */ = {isa = PBXFileReference; lastKnownFileType = sourcecode.swift; path = DemotapesTableController.swift; sourceTree = "<group>"; };
		87BCC9492761A1C6003BB540 /* RecordingViewController.swift */ = {isa = PBXFileReference; lastKnownFileType = sourcecode.swift; path = RecordingViewController.swift; sourceTree = "<group>"; };
		87EA56F22761DD290062303C /* UploadViewController.swift */ = {isa = PBXFileReference; lastKnownFileType = sourcecode.swift; path = UploadViewController.swift; sourceTree = "<group>"; };
		8F8798E0786DDFCDE6477756 /* AmplifyModels.swift */ = {isa = PBXFileReference; explicitFileType = sourcecode.swift; name = AmplifyModels.swift; path = amplify/generated/models/AmplifyModels.swift; sourceTree = "<group>"; };
		B6615AFD277A993600E25EA4 /* CalenderActivity.swift */ = {isa = PBXFileReference; lastKnownFileType = sourcecode.swift; path = CalenderActivity.swift; sourceTree = "<group>"; };
		B6615AFF277AA3BE00E25EA4 /* DateUtils.swift */ = {isa = PBXFileReference; lastKnownFileType = sourcecode.swift; path = DateUtils.swift; sourceTree = "<group>"; };
		B6615B01277ACF6800E25EA4 /* TabBarController.swift */ = {isa = PBXFileReference; lastKnownFileType = sourcecode.swift; path = TabBarController.swift; sourceTree = "<group>"; };
		B6C9183227745F680083CB82 /* JamNavigator.app */ = {isa = PBXFileReference; explicitFileType = wrapper.application; includeInIndex = 0; path = JamNavigator.app; sourceTree = BUILT_PRODUCTS_DIR; };
		B6C9183327745F680083CB82 /* JamNavigatorTests.xctest */ = {isa = PBXFileReference; explicitFileType = wrapper.cfbundle; includeInIndex = 0; path = JamNavigatorTests.xctest; sourceTree = BUILT_PRODUCTS_DIR; };
		B6C9183427745F680083CB82 /* JamNavigatorUITests.xctest */ = {isa = PBXFileReference; explicitFileType = wrapper.cfbundle; includeInIndex = 0; path = JamNavigatorUITests.xctest; sourceTree = BUILT_PRODUCTS_DIR; };
		FE02D99827795DD300071BB0 /* FilterTableViewController.swift */ = {isa = PBXFileReference; lastKnownFileType = sourcecode.swift; path = FilterTableViewController.swift; sourceTree = "<group>"; };
/* End PBXFileReference section */

/* Begin PBXFrameworksBuildPhase section */
		874F5FDD27606B8E0072107F /* Frameworks */ = {
			isa = PBXFrameworksBuildPhase;
			buildActionMask = 2147483647;
			files = (
				B6615A7E2779AA5D00E25EA4 /* AWSAPIPlugin in Frameworks */,
				B6615A842779AA5D00E25EA4 /* Amplify in Frameworks */,
				878F14A827704C1100A81059 /* Tono in Frameworks */,
				B6615A802779AA5D00E25EA4 /* AWSCognitoAuthPlugin in Frameworks */,
				B6615A822779AA5D00E25EA4 /* AWSS3StoragePlugin in Frameworks */,
			);
			runOnlyForDeploymentPostprocessing = 0;
		};
		874F5FF327606B910072107F /* Frameworks */ = {
			isa = PBXFrameworksBuildPhase;
			buildActionMask = 2147483647;
			files = (
			);
			runOnlyForDeploymentPostprocessing = 0;
		};
		874F5FFD27606B910072107F /* Frameworks */ = {
			isa = PBXFrameworksBuildPhase;
			buildActionMask = 2147483647;
			files = (
			);
			runOnlyForDeploymentPostprocessing = 0;
		};
/* End PBXFrameworksBuildPhase section */

/* Begin PBXGroup section */
		021E1A1F2771601900E7E1BE /* Utilities */ = {
			isa = PBXGroup;
			children = (
				02C0650D276B224800FBA95B /* FirebaseCloudMessaging.swift */,
				02FFCB7C27715C61005FF2D3 /* UIViewController+AppSync.swift */,
				02D6887227630B2F0060B471 /* UIViewController+AwsCognito.swift */,
				02B92A4B277061AF00116D26 /* UIViewController+AwsS3.swift */,
				026A5A8127632B6900C09469 /* UIViewController+Utilities.swift */,
				02D6EB542771FDFC00C922C7 /* ConstDatabase.swift */,
				B6615AFF277AA3BE00E25EA4 /* DateUtils.swift */,
			);
			path = Utilities;
			sourceTree = "<group>";
		};
		02FFCB7A277157DE005FF2D3 /* Application */ = {
			isa = PBXGroup;
			children = (
				874F5FE327606B8E0072107F /* AppDelegate.swift */,
				874F5FE527606B8E0072107F /* SceneDelegate.swift */,
			);
			path = Application;
			sourceTree = "<group>";
		};
		02FFCB7B277157E5005FF2D3 /* ViewController */ = {
			isa = PBXGroup;
			children = (
				874F5FE727606B8E0072107F /* TopViewController.swift */,
				026A5A7F2763233500C09469 /* SignupViewController.swift */,
				87BCC9452760921A003BB540 /* DemotapesTableController.swift */,
				87BCC9492761A1C6003BB540 /* RecordingViewController.swift */,
				87EA56F22761DD290062303C /* UploadViewController.swift */,
				8781C300276B15CB005AF5BB /* RequestViewController.swift */,
				02E09359277052CF005BA9BF /* RequestedComplitelyDialogViewController.swift */,
				02B92A4D2770675900116D26 /* MatchConfirmTableViewController.swift */,
				0275BAB82771E390004F9614 /* MeetsViewController.swift */,
				FE02D99827795DD300071BB0 /* FilterTableViewController.swift */,
				B6615AFD277A993600E25EA4 /* CalenderActivity.swift */,
				B6615B01277ACF6800E25EA4 /* TabBarController.swift */,
				05B41F1C27868A50001E5D55 /* MeetsTableViewController.swift */,
				05B41F1E2786B9AA001E5D55 /* AccountViewController.swift */,
				0579FA3D2787C37200B23E89 /* RequestDemotapeTableViewController.swift */,
			);
			path = ViewController;
			sourceTree = "<group>";
		};
		68FB89A07F916363B2BF7341 /* AmplifyModels */ = {
			isa = PBXGroup;
			children = (
				8F8798E0786DDFCDE6477756 /* AmplifyModels.swift */,
				7C63498A7265B6C1AA8D38F1 /* Demotape+Schema.swift */,
				646BDF703CEFE693D5D2316F /* Demotape.swift */,
			);
			name = AmplifyModels;
			sourceTree = "<group>";
		};
		874F5FD727606B8E0072107F = {
			isa = PBXGroup;
			children = (
				874F5FE227606B8E0072107F /* JamNavigator */,
				874F5FF927606B910072107F /* JamNavigatorTests */,
				874F600327606B910072107F /* JamNavigatorUITests */,
				FE58CA69FAD70C3AAFEC68F1 /* AmplifyConfig */,
				68FB89A07F916363B2BF7341 /* AmplifyModels */,
				B6C9183227745F680083CB82 /* JamNavigator.app */,
				B6C9183327745F680083CB82 /* JamNavigatorTests.xctest */,
				B6C9183427745F680083CB82 /* JamNavigatorUITests.xctest */,
			);
			sourceTree = "<group>";
		};
		874F5FE227606B8E0072107F /* JamNavigator */ = {
			isa = PBXGroup;
			children = (
				02FFCB7A277157DE005FF2D3 /* Application */,
				02FFCB7B277157E5005FF2D3 /* ViewController */,
				021E1A1F2771601900E7E1BE /* Utilities */,
				02F0625A276B1578007ADF50 /* JamNavigator.entitlements */,
				874F5FE927606B8E0072107F /* Main.storyboard */,
				874F5FEE27606B910072107F /* LaunchScreen.storyboard */,
				874F5FEC27606B910072107F /* Assets.xcassets */,
				874F5FF127606B910072107F /* Info.plist */,
				02B92A4A27705E4100116D26 /* README.DataDesign.md */,
			);
			path = JamNavigator;
			sourceTree = "<group>";
		};
		874F5FF927606B910072107F /* JamNavigatorTests */ = {
			isa = PBXGroup;
			children = (
				874F5FFA27606B910072107F /* ConstDatabaseTests.swift */,
			);
			path = JamNavigatorTests;
			sourceTree = "<group>";
		};
		874F600327606B910072107F /* JamNavigatorUITests */ = {
			isa = PBXGroup;
			children = (
				874F600427606B910072107F /* JamNavigatorUITests.swift */,
				874F600627606B910072107F /* JamNavigatorUITestsLaunchTests.swift */,
			);
			path = JamNavigatorUITests;
			sourceTree = "<group>";
		};
		FE58CA69FAD70C3AAFEC68F1 /* AmplifyConfig */ = {
			isa = PBXGroup;
			children = (
				7EF3FC2E527FE40E45D01AC2 /* awsconfiguration.json */,
				814F437C8FC0014819F5496A /* amplifyconfiguration.json */,
			);
			name = AmplifyConfig;
			sourceTree = "<group>";
		};
/* End PBXGroup section */

/* Begin PBXNativeTarget section */
		874F5FDF27606B8E0072107F /* JamNavigator */ = {
			isa = PBXNativeTarget;
			buildConfigurationList = 874F600A27606B910072107F /* Build configuration list for PBXNativeTarget "JamNavigator" */;
			buildPhases = (
				874F5FDC27606B8E0072107F /* Sources */,
				874F5FDD27606B8E0072107F /* Frameworks */,
				874F5FDE27606B8E0072107F /* Resources */,
			);
			buildRules = (
			);
			dependencies = (
			);
			name = JamNavigator;
			packageProductDependencies = (
				878F14A727704C1100A81059 /* Tono */,
				B6615A7D2779AA5D00E25EA4 /* AWSAPIPlugin */,
				B6615A7F2779AA5D00E25EA4 /* AWSCognitoAuthPlugin */,
				B6615A812779AA5D00E25EA4 /* AWSS3StoragePlugin */,
				B6615A832779AA5D00E25EA4 /* Amplify */,
			);
			productName = JamNavigator;
			productReference = B6C9183227745F680083CB82 /* JamNavigator.app */;
			productType = "com.apple.product-type.application";
		};
		874F5FF527606B910072107F /* JamNavigatorTests */ = {
			isa = PBXNativeTarget;
			buildConfigurationList = 874F600D27606B910072107F /* Build configuration list for PBXNativeTarget "JamNavigatorTests" */;
			buildPhases = (
				874F5FF227606B910072107F /* Sources */,
				874F5FF327606B910072107F /* Frameworks */,
				874F5FF427606B910072107F /* Resources */,
			);
			buildRules = (
			);
			dependencies = (
				874F5FF827606B910072107F /* PBXTargetDependency */,
			);
			name = JamNavigatorTests;
			productName = JamNavigatorTests;
			productReference = B6C9183327745F680083CB82 /* JamNavigatorTests.xctest */;
			productType = "com.apple.product-type.bundle.unit-test";
		};
		874F5FFF27606B910072107F /* JamNavigatorUITests */ = {
			isa = PBXNativeTarget;
			buildConfigurationList = 874F601027606B910072107F /* Build configuration list for PBXNativeTarget "JamNavigatorUITests" */;
			buildPhases = (
				874F5FFC27606B910072107F /* Sources */,
				874F5FFD27606B910072107F /* Frameworks */,
				874F5FFE27606B910072107F /* Resources */,
			);
			buildRules = (
			);
			dependencies = (
				874F600227606B910072107F /* PBXTargetDependency */,
			);
			name = JamNavigatorUITests;
			productName = JamNavigatorUITests;
			productReference = B6C9183427745F680083CB82 /* JamNavigatorUITests.xctest */;
			productType = "com.apple.product-type.bundle.ui-testing";
		};
/* End PBXNativeTarget section */

/* Begin PBXProject section */
		874F5FD827606B8E0072107F /* Project object */ = {
			isa = PBXProject;
			attributes = {
				BuildIndependentTargetsInParallel = 1;
				LastSwiftUpdateCheck = 1310;
				LastUpgradeCheck = 1310;
				TargetAttributes = {
					874F5FDF27606B8E0072107F = {
						CreatedOnToolsVersion = 13.1;
					};
					874F5FF527606B910072107F = {
						CreatedOnToolsVersion = 13.1;
						TestTargetID = 874F5FDF27606B8E0072107F;
					};
					874F5FFF27606B910072107F = {
						CreatedOnToolsVersion = 13.1;
						TestTargetID = 874F5FDF27606B8E0072107F;
					};
				};
			};
			buildConfigurationList = 874F5FDB27606B8E0072107F /* Build configuration list for PBXProject "JamNavigator" */;
			compatibilityVersion = "Xcode 13.0";
			developmentRegion = en;
			hasScannedForEncodings = 0;
			knownRegions = (
				en,
				Base,
			);
			mainGroup = 874F5FD727606B8E0072107F;
			packageReferences = (
				878F14A627704C1100A81059 /* XCRemoteSwiftPackageReference "TonoSwift" */,
				B6615A7C2779AA5D00E25EA4 /* XCRemoteSwiftPackageReference "amplify-ios" */,
			);
			productRefGroup = 874F5FD727606B8E0072107F;
			projectDirPath = "";
			projectRoot = "";
			targets = (
				874F5FDF27606B8E0072107F /* JamNavigator */,
				874F5FF527606B910072107F /* JamNavigatorTests */,
				874F5FFF27606B910072107F /* JamNavigatorUITests */,
			);
		};
/* End PBXProject section */

/* Begin PBXResourcesBuildPhase section */
		874F5FDE27606B8E0072107F /* Resources */ = {
			isa = PBXResourcesBuildPhase;
			buildActionMask = 2147483647;
			files = (
				874F5FF027606B910072107F /* LaunchScreen.storyboard in Resources */,
				874F5FED27606B910072107F /* Assets.xcassets in Resources */,
				874F5FEB27606B8E0072107F /* Main.storyboard in Resources */,
				2DFA0FB9684161BA8E6530DB /* awsconfiguration.json in Resources */,
				E87A2496E33A7AF871FCDAC4 /* amplifyconfiguration.json in Resources */,
			);
			runOnlyForDeploymentPostprocessing = 0;
		};
		874F5FF427606B910072107F /* Resources */ = {
			isa = PBXResourcesBuildPhase;
			buildActionMask = 2147483647;
			files = (
			);
			runOnlyForDeploymentPostprocessing = 0;
		};
		874F5FFE27606B910072107F /* Resources */ = {
			isa = PBXResourcesBuildPhase;
			buildActionMask = 2147483647;
			files = (
			);
			runOnlyForDeploymentPostprocessing = 0;
		};
/* End PBXResourcesBuildPhase section */

/* Begin PBXSourcesBuildPhase section */
		874F5FDC27606B8E0072107F /* Sources */ = {
			isa = PBXSourcesBuildPhase;
			buildActionMask = 2147483647;
			files = (
				026A5A802763233500C09469 /* SignupViewController.swift in Sources */,
				05B41F1D27868A50001E5D55 /* MeetsTableViewController.swift in Sources */,
				05B41F1F2786B9AA001E5D55 /* AccountViewController.swift in Sources */,
				B6615B00277AA3BE00E25EA4 /* DateUtils.swift in Sources */,
				874F5FE827606B8E0072107F /* TopViewController.swift in Sources */,
				02FFCB7D27715C61005FF2D3 /* UIViewController+AppSync.swift in Sources */,
				8781C301276B15CB005AF5BB /* RequestViewController.swift in Sources */,
				87EA56F32761DD290062303C /* UploadViewController.swift in Sources */,
				87BCC94A2761A1C6003BB540 /* RecordingViewController.swift in Sources */,
				026A5A8227632B6900C09469 /* UIViewController+Utilities.swift in Sources */,
				02B92A4C277061AF00116D26 /* UIViewController+AwsS3.swift in Sources */,
				FE02D99927795DD300071BB0 /* FilterTableViewController.swift in Sources */,
				0275BAB92771E390004F9614 /* MeetsViewController.swift in Sources */,
				874F5FE427606B8E0072107F /* AppDelegate.swift in Sources */,
				874F5FE627606B8E0072107F /* SceneDelegate.swift in Sources */,
				02D6887327630B2F0060B471 /* UIViewController+AwsCognito.swift in Sources */,
				87BCC9462760921A003BB540 /* DemotapesTableController.swift in Sources */,
				B6615AFE277A993600E25EA4 /* CalenderActivity.swift in Sources */,
				0579FA3E2787C37200B23E89 /* RequestDemotapeTableViewController.swift in Sources */,
				02E0935A277052CF005BA9BF /* RequestedComplitelyDialogViewController.swift in Sources */,
				B6615B02277ACF6800E25EA4 /* TabBarController.swift in Sources */,
				02D6EB552771FDFC00C922C7 /* ConstDatabase.swift in Sources */,
				02B92A4E2770675900116D26 /* MatchConfirmTableViewController.swift in Sources */,
				02C0650E276B224800FBA95B /* FirebaseCloudMessaging.swift in Sources */,
				1D9E2EF8A9B052E33383182E /* AmplifyModels.swift in Sources */,
				D2775C0D3DB6112761D7188D /* Demotape+Schema.swift in Sources */,
				9F18A957260A3B3827A66F97 /* Demotape.swift in Sources */,
			);
			runOnlyForDeploymentPostprocessing = 0;
		};
		874F5FF227606B910072107F /* Sources */ = {
			isa = PBXSourcesBuildPhase;
			buildActionMask = 2147483647;
			files = (
				874F5FFB27606B910072107F /* ConstDatabaseTests.swift in Sources */,
				02D6EB562771FDFC00C922C7 /* ConstDatabase.swift in Sources */,
			);
			runOnlyForDeploymentPostprocessing = 0;
		};
		874F5FFC27606B910072107F /* Sources */ = {
			isa = PBXSourcesBuildPhase;
			buildActionMask = 2147483647;
			files = (
				874F600527606B910072107F /* JamNavigatorUITests.swift in Sources */,
				874F600727606B910072107F /* JamNavigatorUITestsLaunchTests.swift in Sources */,
			);
			runOnlyForDeploymentPostprocessing = 0;
		};
/* End PBXSourcesBuildPhase section */

/* Begin PBXTargetDependency section */
		874F5FF827606B910072107F /* PBXTargetDependency */ = {
			isa = PBXTargetDependency;
			target = 874F5FDF27606B8E0072107F /* JamNavigator */;
			targetProxy = 874F5FF727606B910072107F /* PBXContainerItemProxy */;
		};
		874F600227606B910072107F /* PBXTargetDependency */ = {
			isa = PBXTargetDependency;
			target = 874F5FDF27606B8E0072107F /* JamNavigator */;
			targetProxy = 874F600127606B910072107F /* PBXContainerItemProxy */;
		};
/* End PBXTargetDependency section */

/* Begin PBXVariantGroup section */
		874F5FE927606B8E0072107F /* Main.storyboard */ = {
			isa = PBXVariantGroup;
			children = (
				874F5FEA27606B8E0072107F /* Base */,
			);
			name = Main.storyboard;
			sourceTree = "<group>";
		};
		874F5FEE27606B910072107F /* LaunchScreen.storyboard */ = {
			isa = PBXVariantGroup;
			children = (
				874F5FEF27606B910072107F /* Base */,
			);
			name = LaunchScreen.storyboard;
			sourceTree = "<group>";
		};
/* End PBXVariantGroup section */

/* Begin XCBuildConfiguration section */
		874F600827606B910072107F /* Debug */ = {
			isa = XCBuildConfiguration;
			buildSettings = {
				ALWAYS_SEARCH_USER_PATHS = NO;
				CLANG_ANALYZER_NONNULL = YES;
				CLANG_ANALYZER_NUMBER_OBJECT_CONVERSION = YES_AGGRESSIVE;
				CLANG_CXX_LANGUAGE_STANDARD = "gnu++17";
				CLANG_CXX_LIBRARY = "libc++";
				CLANG_ENABLE_MODULES = YES;
				CLANG_ENABLE_OBJC_ARC = YES;
				CLANG_ENABLE_OBJC_WEAK = YES;
				CLANG_WARN_BLOCK_CAPTURE_AUTORELEASING = YES;
				CLANG_WARN_BOOL_CONVERSION = YES;
				CLANG_WARN_COMMA = YES;
				CLANG_WARN_CONSTANT_CONVERSION = YES;
				CLANG_WARN_DEPRECATED_OBJC_IMPLEMENTATIONS = YES;
				CLANG_WARN_DIRECT_OBJC_ISA_USAGE = YES_ERROR;
				CLANG_WARN_DOCUMENTATION_COMMENTS = YES;
				CLANG_WARN_EMPTY_BODY = YES;
				CLANG_WARN_ENUM_CONVERSION = YES;
				CLANG_WARN_INFINITE_RECURSION = YES;
				CLANG_WARN_INT_CONVERSION = YES;
				CLANG_WARN_NON_LITERAL_NULL_CONVERSION = YES;
				CLANG_WARN_OBJC_IMPLICIT_RETAIN_SELF = YES;
				CLANG_WARN_OBJC_LITERAL_CONVERSION = YES;
				CLANG_WARN_OBJC_ROOT_CLASS = YES_ERROR;
				CLANG_WARN_QUOTED_INCLUDE_IN_FRAMEWORK_HEADER = YES;
				CLANG_WARN_RANGE_LOOP_ANALYSIS = YES;
				CLANG_WARN_STRICT_PROTOTYPES = YES;
				CLANG_WARN_SUSPICIOUS_MOVE = YES;
				CLANG_WARN_UNGUARDED_AVAILABILITY = YES_AGGRESSIVE;
				CLANG_WARN_UNREACHABLE_CODE = YES;
				CLANG_WARN__DUPLICATE_METHOD_MATCH = YES;
				COPY_PHASE_STRIP = NO;
				DEBUG_INFORMATION_FORMAT = dwarf;
				ENABLE_STRICT_OBJC_MSGSEND = YES;
				ENABLE_TESTABILITY = YES;
				GCC_C_LANGUAGE_STANDARD = gnu11;
				GCC_DYNAMIC_NO_PIC = NO;
				GCC_NO_COMMON_BLOCKS = YES;
				GCC_OPTIMIZATION_LEVEL = 0;
				GCC_PREPROCESSOR_DEFINITIONS = (
					"DEBUG=1",
					"$(inherited)",
				);
				GCC_WARN_64_TO_32_BIT_CONVERSION = YES;
				GCC_WARN_ABOUT_RETURN_TYPE = YES_ERROR;
				GCC_WARN_UNDECLARED_SELECTOR = YES;
				GCC_WARN_UNINITIALIZED_AUTOS = YES_AGGRESSIVE;
				GCC_WARN_UNUSED_FUNCTION = YES;
				GCC_WARN_UNUSED_VARIABLE = YES;
				IPHONEOS_DEPLOYMENT_TARGET = 15.0;
				MTL_ENABLE_DEBUG_INFO = INCLUDE_SOURCE;
				MTL_FAST_MATH = YES;
				ONLY_ACTIVE_ARCH = YES;
				SDKROOT = iphoneos;
				SWIFT_ACTIVE_COMPILATION_CONDITIONS = DEBUG;
				SWIFT_OPTIMIZATION_LEVEL = "-Onone";
			};
			name = Debug;
		};
		874F600927606B910072107F /* Release */ = {
			isa = XCBuildConfiguration;
			buildSettings = {
				ALWAYS_SEARCH_USER_PATHS = NO;
				CLANG_ANALYZER_NONNULL = YES;
				CLANG_ANALYZER_NUMBER_OBJECT_CONVERSION = YES_AGGRESSIVE;
				CLANG_CXX_LANGUAGE_STANDARD = "gnu++17";
				CLANG_CXX_LIBRARY = "libc++";
				CLANG_ENABLE_MODULES = YES;
				CLANG_ENABLE_OBJC_ARC = YES;
				CLANG_ENABLE_OBJC_WEAK = YES;
				CLANG_WARN_BLOCK_CAPTURE_AUTORELEASING = YES;
				CLANG_WARN_BOOL_CONVERSION = YES;
				CLANG_WARN_COMMA = YES;
				CLANG_WARN_CONSTANT_CONVERSION = YES;
				CLANG_WARN_DEPRECATED_OBJC_IMPLEMENTATIONS = YES;
				CLANG_WARN_DIRECT_OBJC_ISA_USAGE = YES_ERROR;
				CLANG_WARN_DOCUMENTATION_COMMENTS = YES;
				CLANG_WARN_EMPTY_BODY = YES;
				CLANG_WARN_ENUM_CONVERSION = YES;
				CLANG_WARN_INFINITE_RECURSION = YES;
				CLANG_WARN_INT_CONVERSION = YES;
				CLANG_WARN_NON_LITERAL_NULL_CONVERSION = YES;
				CLANG_WARN_OBJC_IMPLICIT_RETAIN_SELF = YES;
				CLANG_WARN_OBJC_LITERAL_CONVERSION = YES;
				CLANG_WARN_OBJC_ROOT_CLASS = YES_ERROR;
				CLANG_WARN_QUOTED_INCLUDE_IN_FRAMEWORK_HEADER = YES;
				CLANG_WARN_RANGE_LOOP_ANALYSIS = YES;
				CLANG_WARN_STRICT_PROTOTYPES = YES;
				CLANG_WARN_SUSPICIOUS_MOVE = YES;
				CLANG_WARN_UNGUARDED_AVAILABILITY = YES_AGGRESSIVE;
				CLANG_WARN_UNREACHABLE_CODE = YES;
				CLANG_WARN__DUPLICATE_METHOD_MATCH = YES;
				COPY_PHASE_STRIP = NO;
				DEBUG_INFORMATION_FORMAT = "dwarf-with-dsym";
				ENABLE_NS_ASSERTIONS = NO;
				ENABLE_STRICT_OBJC_MSGSEND = YES;
				GCC_C_LANGUAGE_STANDARD = gnu11;
				GCC_NO_COMMON_BLOCKS = YES;
				GCC_WARN_64_TO_32_BIT_CONVERSION = YES;
				GCC_WARN_ABOUT_RETURN_TYPE = YES_ERROR;
				GCC_WARN_UNDECLARED_SELECTOR = YES;
				GCC_WARN_UNINITIALIZED_AUTOS = YES_AGGRESSIVE;
				GCC_WARN_UNUSED_FUNCTION = YES;
				GCC_WARN_UNUSED_VARIABLE = YES;
				IPHONEOS_DEPLOYMENT_TARGET = 15.0;
				MTL_ENABLE_DEBUG_INFO = NO;
				MTL_FAST_MATH = YES;
				SDKROOT = iphoneos;
				SWIFT_COMPILATION_MODE = wholemodule;
				SWIFT_OPTIMIZATION_LEVEL = "-O";
				VALIDATE_PRODUCT = YES;
			};
			name = Release;
		};
		874F600B27606B910072107F /* Debug */ = {
			isa = XCBuildConfiguration;
			buildSettings = {
				ASSETCATALOG_COMPILER_APPICON_NAME = AppIcon;
				ASSETCATALOG_COMPILER_GLOBAL_ACCENT_COLOR_NAME = AccentColor;
				CODE_SIGN_ENTITLEMENTS = JamNavigator/JamNavigator.entitlements;
				CODE_SIGN_IDENTITY = "iPhone Developer";
				CODE_SIGN_STYLE = Manual;
				CURRENT_PROJECT_VERSION = 1;
				DEVELOPMENT_TEAM = 42235ECE62;
				GENERATE_INFOPLIST_FILE = YES;
				INFOPLIST_FILE = JamNavigator/Info.plist;
				INFOPLIST_KEY_NSCalendarsUsageDescription = "カレンダーにアクセスするよ！！";
				INFOPLIST_KEY_NSLocationAlwaysUsageDescription = "位置情報を使用します";
				INFOPLIST_KEY_NSLocationUsageDescription = "";
				INFOPLIST_KEY_NSLocationWhenInUseUsageDescription = "位置情報を使用します";
				INFOPLIST_KEY_NSMicrophoneUsageDescription = mike;
				INFOPLIST_KEY_UIApplicationSupportsIndirectInputEvents = YES;
				INFOPLIST_KEY_UILaunchStoryboardName = LaunchScreen;
				INFOPLIST_KEY_UIMainStoryboardFile = Main;
				INFOPLIST_KEY_UISupportedInterfaceOrientations = UIInterfaceOrientationPortrait;
				INFOPLIST_KEY_UISupportedInterfaceOrientations_iPad = "UIInterfaceOrientationPortrait UIInterfaceOrientationPortraitUpsideDown UIInterfaceOrientationLandscapeLeft UIInterfaceOrientationLandscapeRight";
				INFOPLIST_KEY_UISupportedInterfaceOrientations_iPhone = "UIInterfaceOrientationPortrait UIInterfaceOrientationLandscapeLeft UIInterfaceOrientationLandscapeRight";
				LD_RUNPATH_SEARCH_PATHS = (
					"$(inherited)",
					"@executable_path/Frameworks",
				);
				MARKETING_VERSION = 1.0;
				PRODUCT_BUNDLE_IDENTIFIER = com.dig.toypoodle.jamnavigator;
				PRODUCT_NAME = "$(TARGET_NAME)";
				PROVISIONING_PROFILE_SPECIFIER = "Jam Navi Provisioning Profile 2";
				SWIFT_EMIT_LOC_STRINGS = YES;
				SWIFT_VERSION = 5.0;
				TARGETED_DEVICE_FAMILY = 1;
			};
			name = Debug;
		};
		874F600C27606B910072107F /* Release */ = {
			isa = XCBuildConfiguration;
			buildSettings = {
				ASSETCATALOG_COMPILER_APPICON_NAME = AppIcon;
				ASSETCATALOG_COMPILER_GLOBAL_ACCENT_COLOR_NAME = AccentColor;
				CODE_SIGN_ENTITLEMENTS = JamNavigator/JamNavigator.entitlements;
				CODE_SIGN_IDENTITY = "iPhone Developer";
				CODE_SIGN_STYLE = Manual;
				CURRENT_PROJECT_VERSION = 1;
				DEVELOPMENT_TEAM = 42235ECE62;
				GENERATE_INFOPLIST_FILE = YES;
				INFOPLIST_FILE = JamNavigator/Info.plist;
				INFOPLIST_KEY_NSCalendarsUsageDescription = "カレンダーにアクセスするよ！！";
				INFOPLIST_KEY_NSLocationAlwaysUsageDescription = "位置情報を使用します";
				INFOPLIST_KEY_NSLocationUsageDescription = "";
				INFOPLIST_KEY_NSLocationWhenInUseUsageDescription = "位置情報を使用します";
				INFOPLIST_KEY_NSMicrophoneUsageDescription = mike;
				INFOPLIST_KEY_UIApplicationSupportsIndirectInputEvents = YES;
				INFOPLIST_KEY_UILaunchStoryboardName = LaunchScreen;
				INFOPLIST_KEY_UIMainStoryboardFile = Main;
				INFOPLIST_KEY_UISupportedInterfaceOrientations = UIInterfaceOrientationPortrait;
				INFOPLIST_KEY_UISupportedInterfaceOrientations_iPad = "UIInterfaceOrientationPortrait UIInterfaceOrientationPortraitUpsideDown UIInterfaceOrientationLandscapeLeft UIInterfaceOrientationLandscapeRight";
				INFOPLIST_KEY_UISupportedInterfaceOrientations_iPhone = "UIInterfaceOrientationPortrait UIInterfaceOrientationLandscapeLeft UIInterfaceOrientationLandscapeRight";
				LD_RUNPATH_SEARCH_PATHS = (
					"$(inherited)",
					"@executable_path/Frameworks",
				);
				MARKETING_VERSION = 1.0;
				PRODUCT_BUNDLE_IDENTIFIER = com.dig.toypoodle.jamnavigator;
				PRODUCT_NAME = "$(TARGET_NAME)";
				PROVISIONING_PROFILE_SPECIFIER = "Jam Navi Provisioning Profile 2";
				SWIFT_EMIT_LOC_STRINGS = YES;
				SWIFT_VERSION = 5.0;
				TARGETED_DEVICE_FAMILY = 1;
			};
			name = Release;
		};
		874F600E27606B910072107F /* Debug */ = {
			isa = XCBuildConfiguration;
			buildSettings = {
				ALWAYS_EMBED_SWIFT_STANDARD_LIBRARIES = YES;
				BUNDLE_LOADER = "$(TEST_HOST)";
				CODE_SIGN_STYLE = Automatic;
				CURRENT_PROJECT_VERSION = 1;
				GENERATE_INFOPLIST_FILE = YES;
				IPHONEOS_DEPLOYMENT_TARGET = 15.0;
				LD_RUNPATH_SEARCH_PATHS = (
					"$(inherited)",
					"@executable_path/Frameworks",
					"@loader_path/Frameworks",
				);
				MARKETING_VERSION = 1.0;
				PRODUCT_BUNDLE_IDENTIFIER = com.DIG.JamNavigatorTests;
				PRODUCT_NAME = "$(TARGET_NAME)";
				SWIFT_EMIT_LOC_STRINGS = NO;
				SWIFT_VERSION = 5.0;
				TARGETED_DEVICE_FAMILY = "1,2";
				TEST_HOST = "$(BUILT_PRODUCTS_DIR)/JamNavigator.app/JamNavigator";
			};
			name = Debug;
		};
		874F600F27606B910072107F /* Release */ = {
			isa = XCBuildConfiguration;
			buildSettings = {
				ALWAYS_EMBED_SWIFT_STANDARD_LIBRARIES = YES;
				BUNDLE_LOADER = "$(TEST_HOST)";
				CODE_SIGN_STYLE = Automatic;
				CURRENT_PROJECT_VERSION = 1;
				GENERATE_INFOPLIST_FILE = YES;
				IPHONEOS_DEPLOYMENT_TARGET = 15.0;
				LD_RUNPATH_SEARCH_PATHS = (
					"$(inherited)",
					"@executable_path/Frameworks",
					"@loader_path/Frameworks",
				);
				MARKETING_VERSION = 1.0;
				PRODUCT_BUNDLE_IDENTIFIER = com.DIG.JamNavigatorTests;
				PRODUCT_NAME = "$(TARGET_NAME)";
				SWIFT_EMIT_LOC_STRINGS = NO;
				SWIFT_VERSION = 5.0;
				TARGETED_DEVICE_FAMILY = "1,2";
				TEST_HOST = "$(BUILT_PRODUCTS_DIR)/JamNavigator.app/JamNavigator";
			};
			name = Release;
		};
		874F601127606B910072107F /* Debug */ = {
			isa = XCBuildConfiguration;
			buildSettings = {
				ALWAYS_EMBED_SWIFT_STANDARD_LIBRARIES = YES;
				CODE_SIGN_STYLE = Automatic;
				CURRENT_PROJECT_VERSION = 1;
				GENERATE_INFOPLIST_FILE = YES;
				LD_RUNPATH_SEARCH_PATHS = (
					"$(inherited)",
					"@executable_path/Frameworks",
					"@loader_path/Frameworks",
				);
				MARKETING_VERSION = 1.0;
				PRODUCT_BUNDLE_IDENTIFIER = com.DIG.JamNavigatorUITests;
				PRODUCT_NAME = "$(TARGET_NAME)";
				SWIFT_EMIT_LOC_STRINGS = NO;
				SWIFT_VERSION = 5.0;
				TARGETED_DEVICE_FAMILY = "1,2";
				TEST_TARGET_NAME = JamNavigator;
			};
			name = Debug;
		};
		874F601227606B910072107F /* Release */ = {
			isa = XCBuildConfiguration;
			buildSettings = {
				ALWAYS_EMBED_SWIFT_STANDARD_LIBRARIES = YES;
				CODE_SIGN_STYLE = Automatic;
				CURRENT_PROJECT_VERSION = 1;
				GENERATE_INFOPLIST_FILE = YES;
				LD_RUNPATH_SEARCH_PATHS = (
					"$(inherited)",
					"@executable_path/Frameworks",
					"@loader_path/Frameworks",
				);
				MARKETING_VERSION = 1.0;
				PRODUCT_BUNDLE_IDENTIFIER = com.DIG.JamNavigatorUITests;
				PRODUCT_NAME = "$(TARGET_NAME)";
				SWIFT_EMIT_LOC_STRINGS = NO;
				SWIFT_VERSION = 5.0;
				TARGETED_DEVICE_FAMILY = "1,2";
				TEST_TARGET_NAME = JamNavigator;
			};
			name = Release;
		};
/* End XCBuildConfiguration section */

/* Begin XCConfigurationList section */
		874F5FDB27606B8E0072107F /* Build configuration list for PBXProject "JamNavigator" */ = {
			isa = XCConfigurationList;
			buildConfigurations = (
				874F600827606B910072107F /* Debug */,
				874F600927606B910072107F /* Release */,
			);
			defaultConfigurationIsVisible = 0;
			defaultConfigurationName = Release;
		};
		874F600A27606B910072107F /* Build configuration list for PBXNativeTarget "JamNavigator" */ = {
			isa = XCConfigurationList;
			buildConfigurations = (
				874F600B27606B910072107F /* Debug */,
				874F600C27606B910072107F /* Release */,
			);
			defaultConfigurationIsVisible = 0;
			defaultConfigurationName = Release;
		};
		874F600D27606B910072107F /* Build configuration list for PBXNativeTarget "JamNavigatorTests" */ = {
			isa = XCConfigurationList;
			buildConfigurations = (
				874F600E27606B910072107F /* Debug */,
				874F600F27606B910072107F /* Release */,
			);
			defaultConfigurationIsVisible = 0;
			defaultConfigurationName = Release;
		};
		874F601027606B910072107F /* Build configuration list for PBXNativeTarget "JamNavigatorUITests" */ = {
			isa = XCConfigurationList;
			buildConfigurations = (
				874F601127606B910072107F /* Debug */,
				874F601227606B910072107F /* Release */,
			);
			defaultConfigurationIsVisible = 0;
			defaultConfigurationName = Release;
		};
/* End XCConfigurationList section */

/* Begin XCRemoteSwiftPackageReference section */
		878F14A627704C1100A81059 /* XCRemoteSwiftPackageReference "TonoSwift" */ = {
			isa = XCRemoteSwiftPackageReference;
			repositoryURL = "https://github.com/mtonosaki/TonoSwift.git";
			requirement = {
				branch = main;
				kind = branch;
			};
		};
		B6615A7C2779AA5D00E25EA4 /* XCRemoteSwiftPackageReference "amplify-ios" */ = {
			isa = XCRemoteSwiftPackageReference;
			repositoryURL = "https://github.com/aws-amplify/amplify-ios";
			requirement = {
				kind = upToNextMajorVersion;
				minimumVersion = 1.0.0;
			};
		};
/* End XCRemoteSwiftPackageReference section */

/* Begin XCSwiftPackageProductDependency section */
		878F14A727704C1100A81059 /* Tono */ = {
			isa = XCSwiftPackageProductDependency;
			package = 878F14A627704C1100A81059 /* XCRemoteSwiftPackageReference "TonoSwift" */;
			productName = Tono;
		};
		B6615A7D2779AA5D00E25EA4 /* AWSAPIPlugin */ = {
			isa = XCSwiftPackageProductDependency;
			package = B6615A7C2779AA5D00E25EA4 /* XCRemoteSwiftPackageReference "amplify-ios" */;
			productName = AWSAPIPlugin;
		};
		B6615A7F2779AA5D00E25EA4 /* AWSCognitoAuthPlugin */ = {
			isa = XCSwiftPackageProductDependency;
			package = B6615A7C2779AA5D00E25EA4 /* XCRemoteSwiftPackageReference "amplify-ios" */;
			productName = AWSCognitoAuthPlugin;
		};
		B6615A812779AA5D00E25EA4 /* AWSS3StoragePlugin */ = {
			isa = XCSwiftPackageProductDependency;
			package = B6615A7C2779AA5D00E25EA4 /* XCRemoteSwiftPackageReference "amplify-ios" */;
			productName = AWSS3StoragePlugin;
		};
		B6615A832779AA5D00E25EA4 /* Amplify */ = {
			isa = XCSwiftPackageProductDependency;
			package = B6615A7C2779AA5D00E25EA4 /* XCRemoteSwiftPackageReference "amplify-ios" */;
			productName = Amplify;
		};
/* End XCSwiftPackageProductDependency section */
	};
	rootObject = 874F5FD827606B8E0072107F /* Project object */;
}
